{
  "name": "demo-nodejs",
  "version": "1.0.0",
  "lockfileVersion": 2,
  "requires": true,
  "packages": {
    "": {
      "name": "demo-nodejs",
      "version": "1.0.0",
      "license": "ISC",
      "dependencies": {
        "colors-console": "^1.0.3",
        "dayjs": "^1.10.5",
        "loadsh": "0.0.4"
      }
    },
    "node_modules/colors-console": {
      "version": "1.0.3",
      "resolved": "https://registry.nlark.com/colors-console/download/colors-console-1.0.3.tgz",
      "integrity": "sha1-Xnogsm6O8tJUB2jIySUMP1RbWYs="
    },
    "node_modules/dayjs": {
      "version": "1.10.5",
      "resolved": "https://registry.nlark.com/dayjs/download/dayjs-1.10.5.tgz?cache=0&sync_timestamp=1622012230884&other_urls=https%3A%2F%2Fregistry.nlark.com%2Fdayjs%2Fdownload%2Fdayjs-1.10.5.tgz",
      "integrity": "sha1-VgDfRUj8JFOz8WPrsqu+llzPuYY="
    },
    "node_modules/loadsh": {
      "version": "0.0.4",
      "resolved": "https://registry.nlark.com/loadsh/download/loadsh-0.0.4.tgz",
      "integrity": "sha1-UxS6vRK7EzFd3gJKTKcHWMVInS0=",
      "deprecated": "This is a typosquat on the popular Lodash package. This is not maintained nor is the original Lodash package."
    }
  },
  "dependencies": {
    "colors-console": {
      "version": "1.0.3",
      "resolved": "https://registry.nlark.com/colors-console/download/colors-console-1.0.3.tgz",
      "integrity": "sha1-Xnogsm6O8tJUB2jIySUMP1RbWYs="
    },
    "dayjs": {
      "version": "1.10.5",
      "resolved": "https://registry.nlark.com/dayjs/download/dayjs-1.10.5.tgz?cache=0&sync_timestamp=1622012230884&other_urls=https%3A%2F%2Fregistry.nlark.com%2Fdayjs%2Fdownload%2Fdayjs-1.10.5.tgz",
      "integrity": "sha1-VgDfRUj8JFOz8WPrsqu+llzPuYY="
    },
    "loadsh": {
      "version": "0.0.4",
      "resolved": "https://registry.nlark.com/loadsh/download/loadsh-0.0.4.tgz",
      "integrity": "sha1-UxS6vRK7EzFd3gJKTKcHWMVInS0="
    }
  }
}
